{
  "version": 4,
  "terraform_version": "1.11.2",
  "serial": 10,
  "lineage": "d50d1b87-dd4d-cc7b-08c3-54b4276654c6",
  "outputs": {},
  "resources": [
    {
      "mode": "data",
      "type": "azurerm_resource_group",
      "name": "example",
      "provider": "provider[\"registry.terraform.io/hashicorp/azurerm\"]",
      "instances": [
        {
          "schema_version": 0,
          "attributes": {
            "id": "/subscriptions/d368ad4c-b830-4e40-9954-aaa34e6f8fa1/resourceGroups/rg-682348e16459a5de4bd395b3-10",
            "location": "eastus2",
            "managed_by": "",
            "name": "rg-682348e16459a5de4bd395b3-10",
            "tags": {
              "creation_date": "2025-05-13T14:13:07Z",
              "reservation_creator": "armandol@ibm.com",
              "rid": "682348e16459a5de4bd395b3"
            },
            "timeouts": null
          },
          "sensitive_attributes": []
        }
      ]
    },
    {
      "mode": "data",
      "type": "turbonomic_cloud_entity_recommendation",
      "name": "vm_recommendation",
      "provider": "provider[\"registry.terraform.io/ibm/turbonomic\"]",
      "instances": [
        {
          "schema_version": 0,
          "attributes": {
            "current_instance_type": null,
            "default_size": "defaultSize",
            "entity_name": "turbo-test-vm",
            "entity_type": null,
            "entity_uuid": null,
            "new_instance_type": "defaultsize"
          },
          "sensitive_attributes": []
        }
      ]
    },
    {
      "mode": "managed",
      "type": "azurerm_network_interface",
      "name": "main",
      "provider": "provider[\"registry.terraform.io/hashicorp/azurerm\"]",
      "instances": [
        {
          "schema_version": 0,
          "attributes": {
            "accelerated_networking_enabled": false,
            "applied_dns_servers": [],
            "auxiliary_mode": "",
            "auxiliary_sku": "",
            "dns_servers": [],
            "edge_zone": "",
            "id": "/subscriptions/d368ad4c-b830-4e40-9954-aaa34e6f8fa1/resourceGroups/rg-682348e16459a5de4bd395b3-10/providers/Microsoft.Network/networkInterfaces/turbo-test-nic",
            "internal_dns_name_label": "",
            "internal_domain_name_suffix": "hdy44deklzmu5fhnbwxpcpt3hg.cx.internal.cloudapp.net",
            "ip_configuration": [
              {
                "gateway_load_balancer_frontend_ip_configuration_id": "",
                "name": "testconfiguration1",
                "primary": true,
                "private_ip_address": "10.0.2.4",
                "private_ip_address_allocation": "Dynamic",
                "private_ip_address_version": "IPv4",
                "public_ip_address_id": "",
                "subnet_id": "/subscriptions/d368ad4c-b830-4e40-9954-aaa34e6f8fa1/resourceGroups/rg-682348e16459a5de4bd395b3-10/providers/Microsoft.Network/virtualNetworks/turbo-test-network/subnets/internal"
              }
            ],
            "ip_forwarding_enabled": false,
            "location": "eastus2",
            "mac_address": "60-45-BD-79-D5-BC",
            "name": "turbo-test-nic",
            "private_ip_address": "10.0.2.4",
            "private_ip_addresses": [
              "10.0.2.4"
            ],
            "resource_group_name": "rg-682348e16459a5de4bd395b3-10",
            "tags": {},
            "timeouts": null,
            "virtual_machine_id": "/subscriptions/d368ad4c-b830-4e40-9954-aaa34e6f8fa1/resourceGroups/rg-682348e16459a5de4bd395b3-10/providers/Microsoft.Compute/virtualMachines/turbo-test-vm"
          },
          "sensitive_attributes": [],
          "private": "eyJlMmJmYjczMC1lY2FhLTExZTYtOGY4OC0zNDM2M2JjN2M0YzAiOnsiY3JlYXRlIjoxODAwMDAwMDAwMDAwLCJkZWxldGUiOjE4MDAwMDAwMDAwMDAsInJlYWQiOjMwMDAwMDAwMDAwMCwidXBkYXRlIjoxODAwMDAwMDAwMDAwfX0=",
          "dependencies": [
            "azurerm_subnet.internal",
            "azurerm_virtual_network.main",
            "data.azurerm_resource_group.example"
          ]
        }
      ]
    },
    {
      "mode": "managed",
      "type": "azurerm_subnet",
      "name": "internal",
      "provider": "provider[\"registry.terraform.io/hashicorp/azurerm\"]",
      "instances": [
        {
          "schema_version": 0,
          "attributes": {
            "address_prefixes": [
              "10.0.2.0/24"
            ],
            "default_outbound_access_enabled": true,
            "delegation": [],
            "id": "/subscriptions/d368ad4c-b830-4e40-9954-aaa34e6f8fa1/resourceGroups/rg-682348e16459a5de4bd395b3-10/providers/Microsoft.Network/virtualNetworks/turbo-test-network/subnets/internal",
            "name": "internal",
            "private_endpoint_network_policies": "Disabled",
            "private_link_service_network_policies_enabled": true,
            "resource_group_name": "rg-682348e16459a5de4bd395b3-10",
            "service_endpoint_policy_ids": [],
            "service_endpoints": [],
            "timeouts": null,
            "virtual_network_name": "turbo-test-network"
          },
          "sensitive_attributes": [],
          "private": "eyJlMmJmYjczMC1lY2FhLTExZTYtOGY4OC0zNDM2M2JjN2M0YzAiOnsiY3JlYXRlIjoxODAwMDAwMDAwMDAwLCJkZWxldGUiOjE4MDAwMDAwMDAwMDAsInJlYWQiOjMwMDAwMDAwMDAwMCwidXBkYXRlIjoxODAwMDAwMDAwMDAwfX0=",
          "dependencies": [
            "azurerm_virtual_network.main",
            "data.azurerm_resource_group.example"
          ]
        }
      ]
    },
    {
      "mode": "managed",
      "type": "azurerm_virtual_machine",
      "name": "main",
      "provider": "provider[\"registry.terraform.io/hashicorp/azurerm\"]",
      "instances": [
        {
          "schema_version": 0,
          "attributes": {
            "additional_capabilities": [],
            "availability_set_id": null,
            "boot_diagnostics": [],
            "delete_data_disks_on_termination": false,
            "delete_os_disk_on_termination": false,
            "id": "/subscriptions/d368ad4c-b830-4e40-9954-aaa34e6f8fa1/resourceGroups/rg-682348e16459a5de4bd395b3-10/providers/Microsoft.Compute/virtualMachines/turbo-test-vm",
            "identity": [],
            "license_type": null,
            "location": "eastus2",
            "name": "turbo-test-vm",
            "network_interface_ids": [
              "/subscriptions/d368ad4c-b830-4e40-9954-aaa34e6f8fa1/resourceGroups/rg-682348e16459a5de4bd395b3-10/providers/Microsoft.Network/networkInterfaces/turbo-test-nic"
            ],
            "os_profile": [
              {
                "admin_password": "",
                "admin_username": "testadmin",
                "computer_name": "hostname",
                "custom_data": ""
              }
            ],
            "os_profile_linux_config": [
              {
                "disable_password_authentication": false,
                "ssh_keys": []
              }
            ],
            "os_profile_secrets": [],
            "os_profile_windows_config": [],
            "plan": [],
            "primary_network_interface_id": null,
            "proximity_placement_group_id": null,
            "resource_group_name": "rg-682348e16459a5de4bd395b3-10",
            "storage_data_disk": [],
            "storage_image_reference": [
              {
                "id": "",
                "offer": "0001-com-ubuntu-server-jammy",
                "publisher": "Canonical",
                "sku": "22_04-lts",
                "version": "latest"
              }
            ],
            "storage_os_disk": [
              {
                "caching": "ReadWrite",
                "create_option": "FromImage",
                "disk_size_gb": 30,
                "image_uri": "",
                "managed_disk_id": "/subscriptions/d368ad4c-b830-4e40-9954-aaa34e6f8fa1/resourceGroups/rg-682348e16459a5de4bd395b3-10/providers/Microsoft.Compute/disks/myosdisk1",
                "managed_disk_type": "Standard_LRS",
                "name": "myosdisk1",
                "os_type": "Linux",
                "vhd_uri": "",
                "write_accelerator_enabled": false
              }
            ],
            "tags": {
              "environment": "staging"
            },
            "timeouts": null,
            "vm_size": "Standard_D2s_v3",
            "zones": []
          },
          "sensitive_attributes": [
            [
              {
                "type": "get_attr",
                "value": "os_profile"
              }
            ]
          ],
          "private": "eyJlMmJmYjczMC1lY2FhLTExZTYtOGY4OC0zNDM2M2JjN2M0YzAiOnsiY3JlYXRlIjozNjAwMDAwMDAwMDAwLCJkZWxldGUiOjM2MDAwMDAwMDAwMDAsInJlYWQiOjMwMDAwMDAwMDAwMCwidXBkYXRlIjozNjAwMDAwMDAwMDAwfX0=",
          "dependencies": [
            "azurerm_network_interface.main",
            "azurerm_subnet.internal",
            "azurerm_virtual_network.main",
            "data.azurerm_resource_group.example",
            "data.turbonomic_cloud_entity_recommendation.vm_recommendation"
          ]
        }
      ]
    },
    {
      "mode": "managed",
      "type": "azurerm_virtual_network",
      "name": "main",
      "provider": "provider[\"registry.terraform.io/hashicorp/azurerm\"]",
      "instances": [
        {
          "schema_version": 0,
          "attributes": {
            "address_space": [
              "10.0.0.0/16"
            ],
            "bgp_community": "",
            "ddos_protection_plan": [],
            "dns_servers": [],
            "edge_zone": "",
            "encryption": [],
            "flow_timeout_in_minutes": 0,
            "guid": "0ceff138-5e8a-4f59-94ed-0daef13e7d3e",
            "id": "/subscriptions/d368ad4c-b830-4e40-9954-aaa34e6f8fa1/resourceGroups/rg-682348e16459a5de4bd395b3-10/providers/Microsoft.Network/virtualNetworks/turbo-test-network",
            "location": "eastus2",
            "name": "turbo-test-network",
            "resource_group_name": "rg-682348e16459a5de4bd395b3-10",
            "subnet": [
              {
                "address_prefixes": [
                  "10.0.2.0/24"
                ],
                "default_outbound_access_enabled": true,
                "delegation": [],
                "id": "/subscriptions/d368ad4c-b830-4e40-9954-aaa34e6f8fa1/resourceGroups/rg-682348e16459a5de4bd395b3-10/providers/Microsoft.Network/virtualNetworks/turbo-test-network/subnets/internal",
                "name": "internal",
                "private_endpoint_network_policies": "Disabled",
                "private_link_service_network_policies_enabled": true,
                "route_table_id": "",
                "security_group": "",
                "service_endpoint_policy_ids": [],
                "service_endpoints": []
              }
            ],
            "tags": {},
            "timeouts": null
          },
          "sensitive_attributes": [],
          "private": "eyJlMmJmYjczMC1lY2FhLTExZTYtOGY4OC0zNDM2M2JjN2M0YzAiOnsiY3JlYXRlIjoxODAwMDAwMDAwMDAwLCJkZWxldGUiOjE4MDAwMDAwMDAwMDAsInJlYWQiOjMwMDAwMDAwMDAwMCwidXBkYXRlIjoxODAwMDAwMDAwMDAwfX0=",
          "dependencies": [
            "data.azurerm_resource_group.example"
          ]
        }
      ]
    }
  ],
  "check_results": null
}
